
Microsoft Visual Studio Solution File, Format Version 12.00
# Visual Studio Version 16
VisualStudioVersion = 16.0.29613.14
MinimumVisualStudioVersion = 10.0.40219.1
Project("{9A19103F-16F7-4668-BE54-9A1E7A4F7556}") = "MgrWebAssemblyLibrary", "MgrWebAssemblyLibrary\MgrWebAssemblyLibrary.csproj", "{9E014441-E8D0-4888-9F18-01E09CAAF64A}"
EndProject
Project("{9A19103F-16F7-4668-BE54-9A1E7A4F7556}") = "MgrWebAssemblyAPI", "MgrWebAssemblyAPI\MgrWebAssemblyAPI.csproj", "{27EE8599-B48A-4921-AFA0-8C20FEDFD0BE}"
EndProject
Project("{FAE04EC0-301F-11D3-BF4B-00C04F79EFBC}") = "MgrWebAssembly", "MgrWebAssembly\MgrWebAssembly.csproj", "{1D2E2F6C-EAD2-4FBD-B6E2-CF98F0607CF7}"
EndProject
Global
	GlobalSection(SolutionConfigurationPlatforms) = preSolution
		Debug|Any CPU = Debug|Any CPU
		Release|Any CPU = Release|Any CPU
	EndGlobalSection
	GlobalSection(ProjectConfigurationPlatforms) = postSolution
		{9E014441-E8D0-4888-9F18-01E09CAAF64A}.Debug|Any CPU.ActiveCfg = Debug|Any CPU
		{9E014441-E8D0-4888-9F18-01E09CAAF64A}.Debug|Any CPU.Build.0 = Debug|Any CPU
		{9E014441-E8D0-4888-9F18-01E09CAAF64A}.Release|Any CPU.ActiveCfg = Release|Any CPU
		{9E014441-E8D0-4888-9F18-01E09CAAF64A}.Release|Any CPU.Build.0 = Release|Any CPU
		{27EE8599-B48A-4921-AFA0-8C20FEDFD0BE}.Debug|Any CPU.ActiveCfg = Debug|Any CPU
		{27EE8599-B48A-4921-AFA0-8C20FEDFD0BE}.Debug|Any CPU.Build.0 = Debug|Any CPU
		{27EE8599-B48A-4921-AFA0-8C20FEDFD0BE}.Release|Any CPU.ActiveCfg = Release|Any CPU
		{27EE8599-B48A-4921-AFA0-8C20FEDFD0BE}.Release|Any CPU.Build.0 = Release|Any CPU
		{1D2E2F6C-EAD2-4FBD-B6E2-CF98F0607CF7}.Debug|Any CPU.ActiveCfg = Debug|Any CPU
		{1D2E2F6C-EAD2-4FBD-B6E2-CF98F0607CF7}.Debug|Any CPU.Build.0 = Debug|Any CPU
		{1D2E2F6C-EAD2-4FBD-B6E2-CF98F0607CF7}.Release|Any CPU.ActiveCfg = Release|Any CPU
		{1D2E2F6C-EAD2-4FBD-B6E2-CF98F0607CF7}.Release|Any CPU.Build.0 = Release|Any CPU
	EndGlobalSection
	GlobalSection(SolutionProperties) = preSolution
		HideSolutionNode = FALSE
	EndGlobalSection
	GlobalSection(ExtensibilityGlobals) = postSolution
		SolutionGuid = {9D7631A8-4D95-4A98-B08B-BC67CE629AF4}
	EndGlobalSection
EndGlobal
